// !$*UTF8*$!
{
	archiveVersion = 1;
	classes = {
	};
	objectVersion = 55;
	objects = {

/* Begin PBXBuildFile section */
		CB61D418289F6B4400739135 /* CreditView.swift in Sources */ = {isa = PBXBuildFile; fileRef = CB61D417289F6B4400739135 /* CreditView.swift */; };
		CB73E213289ECCE900C411E4 /* Lottie_animation_swiftuiApp.swift in Sources */ = {isa = PBXBuildFile; fileRef = CB73E212289ECCE900C411E4 /* Lottie_animation_swiftuiApp.swift */; };
		CB73E215289ECCE900C411E4 /* ContentView.swift in Sources */ = {isa = PBXBuildFile; fileRef = CB73E214289ECCE900C411E4 /* ContentView.swift */; };
		CB73E217289ECCED00C411E4 /* Assets.xcassets in Resources */ = {isa = PBXBuildFile; fileRef = CB73E216289ECCED00C411E4 /* Assets.xcassets */; };
		CB73E21A289ECCED00C411E4 /* Preview Assets.xcassets in Resources */ = {isa = PBXBuildFile; fileRef = CB73E219289ECCED00C411E4 /* Preview Assets.xcassets */; };
		CB73E222289ED02F00C411E4 /* Lottie in Frameworks */ = {isa = PBXBuildFile; productRef = CB73E221289ED02F00C411E4 /* Lottie */; };
		CB73E225289ED18900C411E4 /* 114980-money-fitness.json in Resources */ = {isa = PBXBuildFile; fileRef = CB73E224289ED18900C411E4 /* 114980-money-fitness.json */; };
		CB73E227289ED1B700C411E4 /* LottieView.swift in Sources */ = {isa = PBXBuildFile; fileRef = CB73E226289ED1B700C411E4 /* LottieView.swift */; };
		CB73E229289ED2FE00C411E4 /* money-fitness.json in Resources */ = {isa = PBXBuildFile; fileRef = CB73E228289ED2FE00C411E4 /* money-fitness.json */; };
		CB73E22B289F57C400C411E4 /* RotatingBarView.swift in Sources */ = {isa = PBXBuildFile; fileRef = CB73E22A289F57C400C411E4 /* RotatingBarView.swift */; };
/* End PBXBuildFile section */

/* Begin PBXFileReference section */
		CB61D417289F6B4400739135 /* CreditView.swift */ = {isa = PBXFileReference; lastKnownFileType = sourcecode.swift; path = CreditView.swift; sourceTree = "<group>"; };
		CB73E20F289ECCE900C411E4 /* Lottie animation swiftui.app */ = {isa = PBXFileReference; explicitFileType = wrapper.application; includeInIndex = 0; path = "Lottie animation swiftui.app"; sourceTree = BUILT_PRODUCTS_DIR; };
		CB73E212289ECCE900C411E4 /* Lottie_animation_swiftuiApp.swift */ = {isa = PBXFileReference; lastKnownFileType = sourcecode.swift; path = Lottie_animation_swiftuiApp.swift; sourceTree = "<group>"; };
		CB73E214289ECCE900C411E4 /* ContentView.swift */ = {isa = PBXFileReference; lastKnownFileType = sourcecode.swift; path = ContentView.swift; sourceTree = "<group>"; };
		CB73E216289ECCED00C411E4 /* Assets.xcassets */ = {isa = PBXFileReference; lastKnownFileType = folder.assetcatalog; path = Assets.xcassets; sourceTree = "<group>"; };
		CB73E219289ECCED00C411E4 /* Preview Assets.xcassets */ = {isa = PBXFileReference; lastKnownFileType = folder.assetcatalog; path = "Preview Assets.xcassets"; sourceTree = "<group>"; };
		CB73E224289ED18900C411E4 /* 114980-money-fitness.json */ = {isa = PBXFileReference; fileEncoding = 4; lastKnownFileType = text.json; path = "114980-money-fitness.json"; sourceTree = "<group>"; };
		CB73E226289ED1B700C411E4 /* LottieView.swift */ = {isa = PBXFileReference; lastKnownFileType = sourcecode.swift; path = LottieView.swift; sourceTree = "<group>"; };
		CB73E228289ED2FE00C411E4 /* money-fitness.json */ = {isa = PBXFileReference; fileEncoding = 4; lastKnownFileType = text.json; path = "money-fitness.json"; sourceTree = "<group>"; };
		CB73E22A289F57C400C411E4 /* RotatingBarView.swift */ = {isa = PBXFileReference; lastKnownFileType = sourcecode.swift; path = RotatingBarView.swift; sourceTree = "<group>"; };
/* End PBXFileReference section */

/* Begin PBXFrameworksBuildPhase section */
		CB73E20C289ECCE900C411E4 /* Frameworks */ = {
			isa = PBXFrameworksBuildPhase;
			buildActionMask = 2147483647;
			files = (
				CB73E222289ED02F00C411E4 /* Lottie in Frameworks */,
			);
			runOnlyForDeploymentPostprocessing = 0;
		};
/* End PBXFrameworksBuildPhase section */

/* Begin PBXGroup section */
		CB73E206289ECCE900C411E4 = {
			isa = PBXGroup;
			children = (
				CB73E211289ECCE900C411E4 /* Lottie animation swiftui */,
				CB73E210289ECCE900C411E4 /* Products */,
			);
			sourceTree = "<group>";
		};
		CB73E210289ECCE900C411E4 /* Products */ = {
			isa = PBXGroup;
			children = (
				CB73E20F289ECCE900C411E4 /* Lottie animation swiftui.app */,
			);
			name = Products;
			sourceTree = "<group>";
		};
		CB73E211289ECCE900C411E4 /* Lottie animation swiftui */ = {
			isa = PBXGroup;
			children = (
				CB73E223289ED17800C411E4 /* Lottie */,
				CB73E212289ECCE900C411E4 /* Lottie_animation_swiftuiApp.swift */,
				CB73E214289ECCE900C411E4 /* ContentView.swift */,
				CB61D417289F6B4400739135 /* CreditView.swift */,
				CB73E22A289F57C400C411E4 /* RotatingBarView.swift */,
				CB73E226289ED1B700C411E4 /* LottieView.swift */,
				CB73E216289ECCED00C411E4 /* Assets.xcassets */,
				CB73E218289ECCED00C411E4 /* Preview Content */,
			);
			path = "Lottie animation swiftui";
			sourceTree = "<group>";
		};
		CB73E218289ECCED00C411E4 /* Preview Content */ = {
			isa = PBXGroup;
			children = (
				CB73E219289ECCED00C411E4 /* Preview Assets.xcassets */,
			);
			path = "Preview Content";
			sourceTree = "<group>";
		};
		CB73E223289ED17800C411E4 /* Lottie */ = {
			isa = PBXGroup;
			children = (
				CB73E228289ED2FE00C411E4 /* money-fitness.json */,
				CB73E224289ED18900C411E4 /* 114980-money-fitness.json */,
			);
			path = Lottie;
			sourceTree = "<group>";
		};
/* End PBXGroup section */

/* Begin PBXNativeTarget section */
		CB73E20E289ECCE900C411E4 /* Lottie animation swiftui */ = {
			isa = PBXNativeTarget;
			buildConfigurationList = CB73E21D289ECCED00C411E4 /* Build configuration list for PBXNativeTarget "Lottie animation swiftui" */;
			buildPhases = (
				CB73E20B289ECCE900C411E4 /* Sources */,
				CB73E20C289ECCE900C411E4 /* Frameworks */,
				CB73E20D289ECCE900C411E4 /* Resources */,
			);
			buildRules = (
			);
			dependencies = (
			);
			name = "Lottie animation swiftui";
			packageProductDependencies = (
				CB73E221289ED02F00C411E4 /* Lottie */,
			);
			productName = "Lottie animation swiftui";
			productReference = CB73E20F289ECCE900C411E4 /* Lottie animation swiftui.app */;
			productType = "com.apple.product-type.application";
		};
/* End PBXNativeTarget section */

/* Begin PBXProject section */
		CB73E207289ECCE900C411E4 /* Project object */ = {
			isa = PBXProject;
			attributes = {
				BuildIndependentTargetsInParallel = 1;
				LastSwiftUpdateCheck = 1340;
				LastUpgradeCheck = 1340;
				TargetAttributes = {
					CB73E20E289ECCE900C411E4 = {
						CreatedOnToolsVersion = 13.4.1;
					};
				};
			};
			buildConfigurationList = CB73E20A289ECCE900C411E4 /* Build configuration list for PBXProject "Lottie animation swiftui" */;
			compatibilityVersion = "Xcode 13.0";
			developmentRegion = en;
			hasScannedForEncodings = 0;
			knownRegions = (
				en,
				Base,
			);
			mainGroup = CB73E206289ECCE900C411E4;
			packageReferences = (
				CB73E220289ED02F00C411E4 /* XCRemoteSwiftPackageReference "lottie-ios" */,
			);
			productRefGroup = CB73E210289ECCE900C411E4 /* Products */;
			projectDirPath = "";
			projectRoot = "";
			targets = (
				CB73E20E289ECCE900C411E4 /* Lottie animation swiftui */,
			);
		};
/* End PBXProject section */

/* Begin PBXResourcesBuildPhase section */
		CB73E20D289ECCE900C411E4 /* Resources */ = {
			isa = PBXResourcesBuildPhase;
			buildActionMask = 2147483647;
			files = (
				CB73E21A289ECCED00C411E4 /* Preview Assets.xcassets in Resources */,
				CB73E217289ECCED00C411E4 /* Assets.xcassets in Resources */,
				CB73E225289ED18900C411E4 /* 114980-money-fitness.json in Resources */,
				CB73E229289ED2FE00C411E4 /* money-fitness.json in Resources */,
			);
			runOnlyForDeploymentPostprocessing = 0;
		};
/* End PBXResourcesBuildPhase section */

/* Begin PBXSourcesBuildPhase section */
		CB73E20B289ECCE900C411E4 /* Sources */ = {
			isa = PBXSourcesBuildPhase;
			buildActionMask = 2147483647;
			files = (
				CB73E22B289F57C400C411E4 /* RotatingBarView.swift in Sources */,
				CB73E215289ECCE900C411E4 /* ContentView.swift in Sources */,
				CB73E213289ECCE900C411E4 /* Lottie_animation_swiftuiApp.swift in Sources */,
				CB73E227289ED1B700C411E4 /* LottieView.swift in Sources */,
				CB61D418289F6B4400739135 /* CreditView.swift in Sources */,
			);
			runOnlyForDeploymentPostprocessing = 0;
		};
/* End PBXSourcesBuildPhase section */

/* Begin XCBuildConfiguration section */
		CB73E21B289ECCED00C411E4 /* Debug */ = {
			isa = XCBuildConfiguration;
			buildSettings = {
				ALWAYS_SEARCH_USER_PATHS = NO;
				CLANG_ANALYZER_NONNULL = YES;
				CLANG_ANALYZER_NUMBER_OBJECT_CONVERSION = YES_AGGRESSIVE;
				CLANG_CXX_LANGUAGE_STANDARD = "gnu++17";
				CLANG_ENABLE_MODULES = YES;
				CLANG_ENABLE_OBJC_ARC = YES;
				CLANG_ENABLE_OBJC_WEAK = YES;
				CLANG_WARN_BLOCK_CAPTURE_AUTORELEASING = YES;
				CLANG_WARN_BOOL_CONVERSION = YES;
				CLANG_WARN_COMMA = YES;
				CLANG_WARN_CONSTANT_CONVERSION = YES;
				CLANG_WARN_DEPRECATED_OBJC_IMPLEMENTATIONS = YES;
				CLANG_WARN_DIRECT_OBJC_ISA_USAGE = YES_ERROR;
				CLANG_WARN_DOCUMENTATION_COMMENTS = YES;
				CLANG_WARN_EMPTY_BODY = YES;
				CLANG_WARN_ENUM_CONVERSION = YES;
				CLANG_WARN_INFINITE_RECURSION = YES;
				CLANG_WARN_INT_CONVERSION = YES;
				CLANG_WARN_NON_LITERAL_NULL_CONVERSION = YES;
				CLANG_WARN_OBJC_IMPLICIT_RETAIN_SELF = YES;
				CLANG_WARN_OBJC_LITERAL_CONVERSION = YES;
				CLANG_WARN_OBJC_ROOT_CLASS = YES_ERROR;
				CLANG_WARN_QUOTED_INCLUDE_IN_FRAMEWORK_HEADER = YES;
				CLANG_WARN_RANGE_LOOP_ANALYSIS = YES;
				CLANG_WARN_STRICT_PROTOTYPES = YES;
				CLANG_WARN_SUSPICIOUS_MOVE = YES;
				CLANG_WARN_UNGUARDED_AVAILABILITY = YES_AGGRESSIVE;
				CLANG_WARN_UNREACHABLE_CODE = YES;
				CLANG_WARN__DUPLICATE_METHOD_MATCH = YES;
				COPY_PHASE_STRIP = NO;
				DEBUG_INFORMATION_FORMAT = dwarf;
				ENABLE_STRICT_OBJC_MSGSEND = YES;
				ENABLE_TESTABILITY = YES;
				GCC_C_LANGUAGE_STANDARD = gnu11;
				GCC_DYNAMIC_NO_PIC = NO;
				GCC_NO_COMMON_BLOCKS = YES;
				GCC_OPTIMIZATION_LEVEL = 0;
				GCC_PREPROCESSOR_DEFINITIONS = (
					"DEBUG=1",
					"$(inherited)",
				);
				GCC_WARN_64_TO_32_BIT_CONVERSION = YES;
				GCC_WARN_ABOUT_RETURN_TYPE = YES_ERROR;
				GCC_WARN_UNDECLARED_SELECTOR = YES;
				GCC_WARN_UNINITIALIZED_AUTOS = YES_AGGRESSIVE;
				GCC_WARN_UNUSED_FUNCTION = YES;
				GCC_WARN_UNUSED_VARIABLE = YES;
				IPHONEOS_DEPLOYMENT_TARGET = 15.0;
				MTL_ENABLE_DEBUG_INFO = INCLUDE_SOURCE;
				MTL_FAST_MATH = YES;
				ONLY_ACTIVE_ARCH = YES;
				SDKROOT = iphoneos;
				SWIFT_ACTIVE_COMPILATION_CONDITIONS = DEBUG;
				SWIFT_OPTIMIZATION_LEVEL = "-Onone";
			};
			name = Debug;
		};
		CB73E21C289ECCED00C411E4 /* Release */ = {
			isa = XCBuildConfiguration;
			buildSettings = {
				ALWAYS_SEARCH_USER_PATHS = NO;
				CLANG_ANALYZER_NONNULL = YES;
				CLANG_ANALYZER_NUMBER_OBJECT_CONVERSION = YES_AGGRESSIVE;
				CLANG_CXX_LANGUAGE_STANDARD = "gnu++17";
				CLANG_ENABLE_MODULES = YES;
				CLANG_ENABLE_OBJC_ARC = YES;
				CLANG_ENABLE_OBJC_WEAK = YES;
				CLANG_WARN_BLOCK_CAPTURE_AUTORELEASING = YES;
				CLANG_WARN_BOOL_CONVERSION = YES;
				CLANG_WARN_COMMA = YES;
				CLANG_WARN_CONSTANT_CONVERSION = YES;
				CLANG_WARN_DEPRECATED_OBJC_IMPLEMENTATIONS = YES;
				CLANG_WARN_DIRECT_OBJC_ISA_USAGE = YES_ERROR;
				CLANG_WARN_DOCUMENTATION_COMMENTS = YES;
				CLANG_WARN_EMPTY_BODY = YES;
				CLANG_WARN_ENUM_CONVERSION = YES;
				CLANG_WARN_INFINITE_RECURSION = YES;
				CLANG_WARN_INT_CONVERSION = YES;
				CLANG_WARN_NON_LITERAL_NULL_CONVERSION = YES;
				CLANG_WARN_OBJC_IMPLICIT_RETAIN_SELF = YES;
				CLANG_WARN_OBJC_LITERAL_CONVERSION = YES;
				CLANG_WARN_OBJC_ROOT_CLASS = YES_ERROR;
				CLANG_WARN_QUOTED_INCLUDE_IN_FRAMEWORK_HEADER = YES;
				CLANG_WARN_RANGE_LOOP_ANALYSIS = YES;
				CLANG_WARN_STRICT_PROTOTYPES = YES;
				CLANG_WARN_SUSPICIOUS_MOVE = YES;
				CLANG_WARN_UNGUARDED_AVAILABILITY = YES_AGGRESSIVE;
				CLANG_WARN_UNREACHABLE_CODE = YES;
				CLANG_WARN__DUPLICATE_METHOD_MATCH = YES;
				COPY_PHASE_STRIP = NO;
				DEBUG_INFORMATION_FORMAT = "dwarf-with-dsym";
				ENABLE_NS_ASSERTIONS = NO;
				ENABLE_STRICT_OBJC_MSGSEND = YES;
				GCC_C_LANGUAGE_STANDARD = gnu11;
				GCC_NO_COMMON_BLOCKS = YES;
				GCC_WARN_64_TO_32_BIT_CONVERSION = YES;
				GCC_WARN_ABOUT_RETURN_TYPE = YES_ERROR;
				GCC_WARN_UNDECLARED_SELECTOR = YES;
				GCC_WARN_UNINITIALIZED_AUTOS = YES_AGGRESSIVE;
				GCC_WARN_UNUSED_FUNCTION = YES;
				GCC_WARN_UNUSED_VARIABLE = YES;
				IPHONEOS_DEPLOYMENT_TARGET = 15.0;
				MTL_ENABLE_DEBUG_INFO = NO;
				MTL_FAST_MATH = YES;
				SDKROOT = iphoneos;
				SWIFT_COMPILATION_MODE = wholemodule;
				SWIFT_OPTIMIZATION_LEVEL = "-O";
				VALIDATE_PRODUCT = YES;
			};
			name = Release;
		};
		CB73E21E289ECCED00C411E4 /* Debug */ = {
			isa = XCBuildConfiguration;
			buildSettings = {
				ASSETCATALOG_COMPILER_APPICON_NAME = AppIcon;
				ASSETCATALOG_COMPILER_GLOBAL_ACCENT_COLOR_NAME = AccentColor;
				CODE_SIGN_STYLE = Automatic;
				CURRENT_PROJECT_VERSION = 1;
				DEVELOPMENT_ASSET_PATHS = "\"Lottie animation swiftui/Preview Content\"";
				DEVELOPMENT_TEAM = 2CYTFH24FS;
				ENABLE_PREVIEWS = YES;
				GENERATE_INFOPLIST_FILE = YES;
				INFOPLIST_KEY_UIApplicationSceneManifest_Generation = YES;
				INFOPLIST_KEY_UIApplicationSupportsIndirectInputEvents = YES;
				INFOPLIST_KEY_UILaunchScreen_Generation = YES;
				INFOPLIST_KEY_UISupportedInterfaceOrientations_iPad = "UIInterfaceOrientationPortrait UIInterfaceOrientationPortraitUpsideDown UIInterfaceOrientationLandscapeLeft UIInterfaceOrientationLandscapeRight";
				INFOPLIST_KEY_UISupportedInterfaceOrientations_iPhone = "UIInterfaceOrientationPortrait UIInterfaceOrientationLandscapeLeft UIInterfaceOrientationLandscapeRight";
				LD_RUNPATH_SEARCH_PATHS = (
					"$(inherited)",
					"@executable_path/Frameworks",
				);
				MARKETING_VERSION = 1.0;
				PRODUCT_BUNDLE_IDENTIFIER = "id.Lottie-animation-swiftui";
				PRODUCT_NAME = "$(TARGET_NAME)";
				SWIFT_EMIT_LOC_STRINGS = YES;
				SWIFT_VERSION = 5.0;
				TARGETED_DEVICE_FAMILY = "1,2";
			};
			name = Debug;
		};
		CB73E21F289ECCED00C411E4 /* Release */ = {
			isa = XCBuildConfiguration;
			buildSettings = {
				ASSETCATALOG_COMPILER_APPICON_NAME = AppIcon;
				ASSETCATALOG_COMPILER_GLOBAL_ACCENT_COLOR_NAME = AccentColor;
				CODE_SIGN_STYLE = Automatic;
				CURRENT_PROJECT_VERSION = 1;
				DEVELOPMENT_ASSET_PATHS = "\"Lottie animation swiftui/Preview Content\"";
				DEVELOPMENT_TEAM = 2CYTFH24FS;
				ENABLE_PREVIEWS = YES;
				GENERATE_INFOPLIST_FILE = YES;
				INFOPLIST_KEY_UIApplicationSceneManifest_Generation = YES;
				INFOPLIST_KEY_UIApplicationSupportsIndirectInputEvents = YES;
				INFOPLIST_KEY_UILaunchScreen_Generation = YES;
				INFOPLIST_KEY_UISupportedInterfaceOrientations_iPad = "UIInterfaceOrientationPortrait UIInterfaceOrientationPortraitUpsideDown UIInterfaceOrientationLandscapeLeft UIInterfaceOrientationLandscapeRight";
				INFOPLIST_KEY_UISupportedInterfaceOrientations_iPhone = "UIInterfaceOrientationPortrait UIInterfaceOrientationLandscapeLeft UIInterfaceOrientationLandscapeRight";
				LD_RUNPATH_SEARCH_PATHS = (
					"$(inherited)",
					"@executable_path/Frameworks",
				);
				MARKETING_VERSION = 1.0;
				PRODUCT_BUNDLE_IDENTIFIER = "id.Lottie-animation-swiftui";
				PRODUCT_NAME = "$(TARGET_NAME)";
				SWIFT_EMIT_LOC_STRINGS = YES;
				SWIFT_VERSION = 5.0;
				TARGETED_DEVICE_FAMILY = "1,2";
			};
			name = Release;
		};
/* End XCBuildConfiguration section */

/* Begin XCConfigurationList section */
		CB73E20A289ECCE900C411E4 /* Build configuration list for PBXProject "Lottie animation swiftui" */ = {
			isa = XCConfigurationList;
			buildConfigurations = (
				CB73E21B289ECCED00C411E4 /* Debug */,
				CB73E21C289ECCED00C411E4 /* Release */,
			);
			defaultConfigurationIsVisible = 0;
			defaultConfigurationName = Release;
		};
		CB73E21D289ECCED00C411E4 /* Build configuration list for PBXNativeTarget "Lottie animation swiftui" */ = {
			isa = XCConfigurationList;
			buildConfigurations = (
				CB73E21E289ECCED00C411E4 /* Debug */,
				CB73E21F289ECCED00C411E4 /* Release */,
			);
			defaultConfigurationIsVisible = 0;
			defaultConfigurationName = Release;
		};
/* End XCConfigurationList section */

/* Begin XCRemoteSwiftPackageReference section */
		CB73E220289ED02F00C411E4 /* XCRemoteSwiftPackageReference "lottie-ios" */ = {
			isa = XCRemoteSwiftPackageReference;
			repositoryURL = "https://github.com/airbnb/lottie-ios";
			requirement = {
				kind = upToNextMajorVersion;
				minimumVersion = 3.0.0;
			};
		};
/* End XCRemoteSwiftPackageReference section */

/* Begin XCSwiftPackageProductDependency section */
		CB73E221289ED02F00C411E4 /* Lottie */ = {
			isa = XCSwiftPackageProductDependency;
			package = CB73E220289ED02F00C411E4 /* XCRemoteSwiftPackageReference "lottie-ios" */;
			productName = Lottie;
		};
/* End XCSwiftPackageProductDependency section */
	};
	rootObject = CB73E207289ECCE900C411E4 /* Project object */;
}
